
Microsoft Visual Studio Solution File, Format Version 12.00
# Visual Studio Version 16
VisualStudioVersion = 16.0.31829.152
MinimumVisualStudioVersion = 10.0.40219.1
Project("{9A19103F-16F7-4668-BE54-9A1E7A4F7556}") = "Principal", "Principal\Principal.csproj", "{ABF7095E-0EAA-42BF-ADED-8924A3B12CA9}"
EndProject
Project("{9A19103F-16F7-4668-BE54-9A1E7A4F7556}") = "Revisao", "Revisao\Revisao.csproj", "{9E5885AE-69A4-411E-BA57-3EE4829B80B9}"
EndProject
Project("{FAE04EC0-301F-11D3-BF4B-00C04F79EFBC}") = "ProvaDiagnostica", "ProvaDiagnostica\ProvaDiagnostica.csproj", "{790EC148-9DC4-402E-A127-258537A22182}"
EndProject
Global
	GlobalSection(SolutionConfigurationPlatforms) = preSolution
		Debug|Any CPU = Debug|Any CPU
		Release|Any CPU = Release|Any CPU
	EndGlobalSection
	GlobalSection(ProjectConfigurationPlatforms) = postSolution
		{ABF7095E-0EAA-42BF-ADED-8924A3B12CA9}.Debug|Any CPU.ActiveCfg = Debug|Any CPU
		{ABF7095E-0EAA-42BF-ADED-8924A3B12CA9}.Debug|Any CPU.Build.0 = Debug|Any CPU
		{ABF7095E-0EAA-42BF-ADED-8924A3B12CA9}.Release|Any CPU.ActiveCfg = Release|Any CPU
		{ABF7095E-0EAA-42BF-ADED-8924A3B12CA9}.Release|Any CPU.Build.0 = Release|Any CPU
		{9E5885AE-69A4-411E-BA57-3EE4829B80B9}.Debug|Any CPU.ActiveCfg = Debug|Any CPU
		{9E5885AE-69A4-411E-BA57-3EE4829B80B9}.Debug|Any CPU.Build.0 = Debug|Any CPU
		{9E5885AE-69A4-411E-BA57-3EE4829B80B9}.Release|Any CPU.ActiveCfg = Release|Any CPU
		{9E5885AE-69A4-411E-BA57-3EE4829B80B9}.Release|Any CPU.Build.0 = Release|Any CPU
		{790EC148-9DC4-402E-A127-258537A22182}.Debug|Any CPU.ActiveCfg = Debug|Any CPU
		{790EC148-9DC4-402E-A127-258537A22182}.Debug|Any CPU.Build.0 = Debug|Any CPU
		{790EC148-9DC4-402E-A127-258537A22182}.Release|Any CPU.ActiveCfg = Release|Any CPU
		{790EC148-9DC4-402E-A127-258537A22182}.Release|Any CPU.Build.0 = Release|Any CPU
	EndGlobalSection
	GlobalSection(SolutionProperties) = preSolution
		HideSolutionNode = FALSE
	EndGlobalSection
	GlobalSection(ExtensibilityGlobals) = postSolution
		SolutionGuid = {447ECB3B-A001-44EE-B793-824FA59CC98E}
	EndGlobalSection
EndGlobal
