
Microsoft Visual Studio Solution File, Format Version 12.00
# Visual Studio Version 16
VisualStudioVersion = 16.0.32228.343
MinimumVisualStudioVersion = 10.0.40219.1
Project("{FAE04EC0-301F-11D3-BF4B-00C04F79EFBC}") = "Calculadora", "Calculadora\Calculadora.csproj", "{7FC78F5C-F5B8-48EF-860D-39F6117CDD68}"
EndProject
Global
	GlobalSection(SolutionConfigurationPlatforms) = preSolution
		Debug|Any CPU = Debug|Any CPU
		Release|Any CPU = Release|Any CPU
	EndGlobalSection
	GlobalSection(ProjectConfigurationPlatforms) = postSolution
		{7FC78F5C-F5B8-48EF-860D-39F6117CDD68}.Debug|Any CPU.ActiveCfg = Debug|Any CPU
		{7FC78F5C-F5B8-48EF-860D-39F6117CDD68}.Debug|Any CPU.Build.0 = Debug|Any CPU
		{7FC78F5C-F5B8-48EF-860D-39F6117CDD68}.Release|Any CPU.ActiveCfg = Release|Any CPU
		{7FC78F5C-F5B8-48EF-860D-39F6117CDD68}.Release|Any CPU.Build.0 = Release|Any CPU
	EndGlobalSection
	GlobalSection(SolutionProperties) = preSolution
		HideSolutionNode = FALSE
	EndGlobalSection
	GlobalSection(ExtensibilityGlobals) = postSolution
		SolutionGuid = {E9574EEC-80A8-454F-B96C-D77EB1147DDB}
	EndGlobalSection
EndGlobal
